{
  "name": "check-empty-object",
  "version": "2.0.2",
  "lockfileVersion": 2,
  "requires": true,
  "packages": {
    "": {
      "name": "check-empty-object",
      "version": "2.0.2",
      "license": "ISC",
      "devDependencies": {
        "@types/node": "^18.15.6"
      }
    },
    "node_modules/@types/node": {
      "version": "18.15.6",
      "resolved": "https://registry.npmjs.org/@types/node/-/node-18.15.6.tgz",
      "integrity": "sha512-YErOafCZpK4g+Rp3Q/PBgZNAsWKGunQTm9FA3/Pbcm0VCriTEzcrutQ/SxSc0rytAp0NoFWue669jmKhEtd0sA==",
      "dev": true
    }
  },
  "dependencies": {
    "@types/node": {
      "version": "18.15.6",
      "resolved": "https://registry.npmjs.org/@types/node/-/node-18.15.6.tgz",
      "integrity": "sha512-YErOafCZpK4g+Rp3Q/PBgZNAsWKGunQTm9FA3/Pbcm0VCriTEzcrutQ/SxSc0rytAp0NoFWue669jmKhEtd0sA==",
      "dev": true
    }
  }
}
